{
  "name": "Me",
  "version": "1.0.0",
  "lockfileVersion": 3,
  "requires": true,
  "packages": {
    "": {
      "name": "Me",
      "version": "1.0.0",
      "dependencies": {
        "@datadog/browser-rum": "^6.32.0",
        "@datadog/browser-rum-react": "^6.32.0"
      }
    },
    "node_modules/@datadog/browser-core": {
      "version": "6.32.0",
      "resolved": "https://registry.npmjs.org/@datadog/browser-core/-/browser-core-6.32.0.tgz",
      "integrity": "sha512-ikok4zYmoZFcOcIlzFFtImgJXUzAKc1j2zQ6JvAMso7L9xs0BmgFPF1E2Kag03PJ6jddB7QJ7ADjiOTwt6hW+Q==",
      "license": "Apache-2.0"
    },
    "node_modules/@datadog/browser-rum": {
      "version": "6.32.0",
      "resolved": "https://registry.npmjs.org/@datadog/browser-rum/-/browser-rum-6.32.0.tgz",
      "integrity": "sha512-frBWGQSbxMmE9nA0A2PF9Y4kHe4MjaFQxSmFrJUCAVEkwQh//Cp1+vW+FoxIJaR14Sah9zIWzIQF3DiuBzMCqw==",
      "license": "Apache-2.0",
      "dependencies": {
        "@datadog/browser-core": "6.32.0",
        "@datadog/browser-rum-core": "6.32.0"
      },
      "peerDependencies": {
        "@datadog/browser-logs": "6.32.0"
      },
      "peerDependenciesMeta": {
        "@datadog/browser-logs": {
          "optional": true
        }
      }
    },
    "node_modules/@datadog/browser-rum-core": {
      "version": "6.32.0",
      "resolved": "https://registry.npmjs.org/@datadog/browser-rum-core/-/browser-rum-core-6.32.0.tgz",
      "integrity": "sha512-VK1xa4bd8zxkbkkh53yhbiKy0rPqOP+YWcqGHoJguhRuUwY45rBa+iBSCn+MBdPmTI1cbfBjc6hxNuBxWHkN1Q==",
      "license": "Apache-2.0",
      "dependencies": {
        "@datadog/browser-core": "6.32.0"
      }
    },
    "node_modules/@datadog/browser-rum-react": {
      "version": "6.32.0",
      "resolved": "https://registry.npmjs.org/@datadog/browser-rum-react/-/browser-rum-react-6.32.0.tgz",
      "integrity": "sha512-6kVtP2+M9yEE/XsGgBXGrh7sROBsjAlztVOulcR2rIviqVdcM4RS3osYSAKDbqKLkwabeKNEi8tVCsA4vC/s+Q==",
      "license": "Apache-2.0",
      "dependencies": {
        "@datadog/browser-core": "6.32.0",
        "@datadog/browser-rum-core": "6.32.0"
      },
      "peerDependencies": {
        "react": "18 || 19",
        "react-router": "6 || 7",
        "react-router-dom": "6 || 7"
      },
      "peerDependenciesMeta": {
        "@datadog/browser-rum": {
          "optional": true
        },
        "@datadog/browser-rum-slim": {
          "optional": true
        },
        "react": {
          "optional": true
        },
        "react-router": {
          "optional": true
        },
        "react-router-dom": {
          "optional": true
        }
      }
    }
  }
}
